// !$*UTF8*$!
{
	archiveVersion = 1;
	classes = {
	};
	objectVersion = 50;
	objects = {

/* Begin PBXBuildFile section */
		DD428C3524E0E7EF0038FD69 /* AppDelegate.swift in Sources */ = {isa = PBXBuildFile; fileRef = DD428C3424E0E7EF0038FD69 /* AppDelegate.swift */; };
		DD428C3724E0E7EF0038FD69 /* SceneDelegate.swift in Sources */ = {isa = PBXBuildFile; fileRef = DD428C3624E0E7EF0038FD69 /* SceneDelegate.swift */; };
		DD428C3C24E0E7EF0038FD69 /* Main.storyboard in Resources */ = {isa = PBXBuildFile; fileRef = DD428C3A24E0E7EF0038FD69 /* Main.storyboard */; };
		DD428C3E24E0E7F80038FD69 /* Assets.xcassets in Resources */ = {isa = PBXBuildFile; fileRef = DD428C3D24E0E7F80038FD69 /* Assets.xcassets */; };
		DD428C4124E0E7F80038FD69 /* LaunchScreen.storyboard in Resources */ = {isa = PBXBuildFile; fileRef = DD428C3F24E0E7F80038FD69 /* LaunchScreen.storyboard */; };
		DD428C4924E0E9F30038FD69 /* LaunchViewController.swift in Sources */ = {isa = PBXBuildFile; fileRef = DD428C4824E0E9F30038FD69 /* LaunchViewController.swift */; };
		DD428C4B24E0EA550038FD69 /* TodoListTableViewController.swift in Sources */ = {isa = PBXBuildFile; fileRef = DD428C4A24E0EA550038FD69 /* TodoListTableViewController.swift */; };
		DD428C4D24E0FDC80038FD69 /* TodoModel.swift in Sources */ = {isa = PBXBuildFile; fileRef = DD428C4C24E0FDC80038FD69 /* TodoModel.swift */; };
		DD428C4F24E0FF920038FD69 /* TodoListTableViewCell.swift in Sources */ = {isa = PBXBuildFile; fileRef = DD428C4E24E0FF920038FD69 /* TodoListTableViewCell.swift */; };
		DDD0F095251DAC8800652E16 /* DetailTableViewController.swift in Sources */ = {isa = PBXBuildFile; fileRef = DDD0F094251DAC8700652E16 /* DetailTableViewController.swift */; };
		DDD0F09A251DB82100652E16 /* NotificationTypeTableViewController.swift in Sources */ = {isa = PBXBuildFile; fileRef = DDD0F099251DB82100652E16 /* NotificationTypeTableViewController.swift */; };
		DDD0F0A0251E3BED00652E16 /* DateAndTimeFormatter.swift in Sources */ = {isa = PBXBuildFile; fileRef = DDD0F09F251E3BE900652E16 /* DateAndTimeFormatter.swift */; };
		DDFDE5052534A02900A01474 /* TodoList.xcdatamodeld in Sources */ = {isa = PBXBuildFile; fileRef = DDFDE5032534A02900A01474 /* TodoList.xcdatamodeld */; };
		DDFDE51A2535984500A01474 /* NotificationTypes.swift in Sources */ = {isa = PBXBuildFile; fileRef = DDFDE5192535984500A01474 /* NotificationTypes.swift */; };
/* End PBXBuildFile section */

/* Begin PBXFileReference section */
		DD428C3124E0E7EF0038FD69 /* To-do list.app */ = {isa = PBXFileReference; explicitFileType = wrapper.application; includeInIndex = 0; path = "To-do list.app"; sourceTree = BUILT_PRODUCTS_DIR; };
		DD428C3424E0E7EF0038FD69 /* AppDelegate.swift */ = {isa = PBXFileReference; lastKnownFileType = sourcecode.swift; path = AppDelegate.swift; sourceTree = "<group>"; };
		DD428C3624E0E7EF0038FD69 /* SceneDelegate.swift */ = {isa = PBXFileReference; lastKnownFileType = sourcecode.swift; path = SceneDelegate.swift; sourceTree = "<group>"; };
		DD428C3B24E0E7EF0038FD69 /* Base */ = {isa = PBXFileReference; lastKnownFileType = file.storyboard; name = Base; path = Base.lproj/Main.storyboard; sourceTree = "<group>"; };
		DD428C3D24E0E7F80038FD69 /* Assets.xcassets */ = {isa = PBXFileReference; lastKnownFileType = folder.assetcatalog; path = Assets.xcassets; sourceTree = "<group>"; };
		DD428C4024E0E7F80038FD69 /* Base */ = {isa = PBXFileReference; lastKnownFileType = file.storyboard; name = Base; path = Base.lproj/LaunchScreen.storyboard; sourceTree = "<group>"; };
		DD428C4224E0E7F80038FD69 /* Info.plist */ = {isa = PBXFileReference; lastKnownFileType = text.plist.xml; path = Info.plist; sourceTree = "<group>"; };
		DD428C4824E0E9F30038FD69 /* LaunchViewController.swift */ = {isa = PBXFileReference; lastKnownFileType = sourcecode.swift; path = LaunchViewController.swift; sourceTree = "<group>"; };
		DD428C4A24E0EA550038FD69 /* TodoListTableViewController.swift */ = {isa = PBXFileReference; lastKnownFileType = sourcecode.swift; path = TodoListTableViewController.swift; sourceTree = "<group>"; };
		DD428C4C24E0FDC80038FD69 /* TodoModel.swift */ = {isa = PBXFileReference; lastKnownFileType = sourcecode.swift; path = TodoModel.swift; sourceTree = "<group>"; };
		DD428C4E24E0FF920038FD69 /* TodoListTableViewCell.swift */ = {isa = PBXFileReference; lastKnownFileType = sourcecode.swift; path = TodoListTableViewCell.swift; sourceTree = "<group>"; };
		DDD0F094251DAC8700652E16 /* DetailTableViewController.swift */ = {isa = PBXFileReference; lastKnownFileType = sourcecode.swift; path = DetailTableViewController.swift; sourceTree = "<group>"; };
		DDD0F099251DB82100652E16 /* NotificationTypeTableViewController.swift */ = {isa = PBXFileReference; lastKnownFileType = sourcecode.swift; path = NotificationTypeTableViewController.swift; sourceTree = "<group>"; };
		DDD0F09F251E3BE900652E16 /* DateAndTimeFormatter.swift */ = {isa = PBXFileReference; lastKnownFileType = sourcecode.swift; path = DateAndTimeFormatter.swift; sourceTree = "<group>"; };
		DDDD6DA42521FC2B00816524 /* To-do list.entitlements */ = {isa = PBXFileReference; lastKnownFileType = text.plist.entitlements; path = "To-do list.entitlements"; sourceTree = "<group>"; };
		DDFDE5042534A02900A01474 /* TodoList.xcdatamodel */ = {isa = PBXFileReference; lastKnownFileType = wrapper.xcdatamodel; path = TodoList.xcdatamodel; sourceTree = "<group>"; };
		DDFDE5192535984500A01474 /* NotificationTypes.swift */ = {isa = PBXFileReference; lastKnownFileType = sourcecode.swift; path = NotificationTypes.swift; sourceTree = "<group>"; };
/* End PBXFileReference section */

/* Begin PBXFrameworksBuildPhase section */
		DD428C2E24E0E7EF0038FD69 /* Frameworks */ = {
			isa = PBXFrameworksBuildPhase;
			buildActionMask = 2147483647;
			files = (
			);
			runOnlyForDeploymentPostprocessing = 0;
		};
/* End PBXFrameworksBuildPhase section */

/* Begin PBXGroup section */
		DD428C2824E0E7EF0038FD69 = {
			isa = PBXGroup;
			children = (
				DD428C3324E0E7EF0038FD69 /* To-do list */,
				DD428C3224E0E7EF0038FD69 /* Products */,
			);
			sourceTree = "<group>";
		};
		DD428C3224E0E7EF0038FD69 /* Products */ = {
			isa = PBXGroup;
			children = (
				DD428C3124E0E7EF0038FD69 /* To-do list.app */,
			);
			name = Products;
			sourceTree = "<group>";
		};
		DD428C3324E0E7EF0038FD69 /* To-do list */ = {
			isa = PBXGroup;
			children = (
				DDDD6DA42521FC2B00816524 /* To-do list.entitlements */,
				DD428C3424E0E7EF0038FD69 /* AppDelegate.swift */,
				DD428C3624E0E7EF0038FD69 /* SceneDelegate.swift */,
				DDFDE5032534A02900A01474 /* TodoList.xcdatamodeld */,
				DDF932F8251F449700077F22 /* View */,
				DDD0F0A3251E3C4A00652E16 /* Other Controllers */,
				DDD0F09E251E3B9300652E16 /* Model */,
				DDD0F08C251CB08F00652E16 /* View Controller */,
				DD428C3A24E0E7EF0038FD69 /* Main.storyboard */,
				DD428C3F24E0E7F80038FD69 /* LaunchScreen.storyboard */,
				DD428C3D24E0E7F80038FD69 /* Assets.xcassets */,
				DD428C4224E0E7F80038FD69 /* Info.plist */,
			);
			path = "To-do list";
			sourceTree = "<group>";
		};
		DDD0F08C251CB08F00652E16 /* View Controller */ = {
			isa = PBXGroup;
			children = (
				DD428C4824E0E9F30038FD69 /* LaunchViewController.swift */,
				DD428C4A24E0EA550038FD69 /* TodoListTableViewController.swift */,
				DDD0F094251DAC8700652E16 /* DetailTableViewController.swift */,
				DDD0F099251DB82100652E16 /* NotificationTypeTableViewController.swift */,
			);
			path = "View Controller";
			sourceTree = "<group>";
		};
		DDD0F09E251E3B9300652E16 /* Model */ = {
			isa = PBXGroup;
			children = (
				DDFDE5192535984500A01474 /* NotificationTypes.swift */,
				DD428C4C24E0FDC80038FD69 /* TodoModel.swift */,
			);
			path = Model;
			sourceTree = "<group>";
		};
		DDD0F0A3251E3C4A00652E16 /* Other Controllers */ = {
			isa = PBXGroup;
			children = (
				DDD0F09F251E3BE900652E16 /* DateAndTimeFormatter.swift */,
			);
			path = "Other Controllers";
			sourceTree = "<group>";
		};
		DDF932F8251F449700077F22 /* View */ = {
			isa = PBXGroup;
			children = (
				DD428C4E24E0FF920038FD69 /* TodoListTableViewCell.swift */,
			);
			path = View;
			sourceTree = "<group>";
		};
/* End PBXGroup section */

/* Begin PBXNativeTarget section */
		DD428C3024E0E7EF0038FD69 /* To-do list */ = {
			isa = PBXNativeTarget;
			buildConfigurationList = DD428C4524E0E7F80038FD69 /* Build configuration list for PBXNativeTarget "To-do list" */;
			buildPhases = (
				DD428C2D24E0E7EF0038FD69 /* Sources */,
				DD428C2E24E0E7EF0038FD69 /* Frameworks */,
				DD428C2F24E0E7EF0038FD69 /* Resources */,
			);
			buildRules = (
			);
			dependencies = (
			);
			name = "To-do list";
			productName = "To-do list";
			productReference = DD428C3124E0E7EF0038FD69 /* To-do list.app */;
			productType = "com.apple.product-type.application";
		};
/* End PBXNativeTarget section */

/* Begin PBXProject section */
		DD428C2924E0E7EF0038FD69 /* Project object */ = {
			isa = PBXProject;
			attributes = {
				LastSwiftUpdateCheck = 1150;
				LastUpgradeCheck = 1150;
				ORGANIZATIONNAME = tantsunsin;
				TargetAttributes = {
					DD428C3024E0E7EF0038FD69 = {
						CreatedOnToolsVersion = 11.5;
					};
				};
			};
			buildConfigurationList = DD428C2C24E0E7EF0038FD69 /* Build configuration list for PBXProject "To-do list" */;
			compatibilityVersion = "Xcode 9.3";
			developmentRegion = en;
			hasScannedForEncodings = 0;
			knownRegions = (
				en,
				Base,
			);
			mainGroup = DD428C2824E0E7EF0038FD69;
			productRefGroup = DD428C3224E0E7EF0038FD69 /* Products */;
			projectDirPath = "";
			projectRoot = "";
			targets = (
				DD428C3024E0E7EF0038FD69 /* To-do list */,
			);
		};
/* End PBXProject section */

/* Begin PBXResourcesBuildPhase section */
		DD428C2F24E0E7EF0038FD69 /* Resources */ = {
			isa = PBXResourcesBuildPhase;
			buildActionMask = 2147483647;
			files = (
				DD428C4124E0E7F80038FD69 /* LaunchScreen.storyboard in Resources */,
				DD428C3E24E0E7F80038FD69 /* Assets.xcassets in Resources */,
				DD428C3C24E0E7EF0038FD69 /* Main.storyboard in Resources */,
			);
			runOnlyForDeploymentPostprocessing = 0;
		};
/* End PBXResourcesBuildPhase section */

/* Begin PBXSourcesBuildPhase section */
		DD428C2D24E0E7EF0038FD69 /* Sources */ = {
			isa = PBXSourcesBuildPhase;
			buildActionMask = 2147483647;
			files = (
				DD428C3524E0E7EF0038FD69 /* AppDelegate.swift in Sources */,
				DD428C4F24E0FF920038FD69 /* TodoListTableViewCell.swift in Sources */,
				DD428C4B24E0EA550038FD69 /* TodoListTableViewController.swift in Sources */,
				DDFDE51A2535984500A01474 /* NotificationTypes.swift in Sources */,
				DDD0F0A0251E3BED00652E16 /* DateAndTimeFormatter.swift in Sources */,
				DD428C3724E0E7EF0038FD69 /* SceneDelegate.swift in Sources */,
				DDFDE5052534A02900A01474 /* TodoList.xcdatamodeld in Sources */,
				DDD0F09A251DB82100652E16 /* NotificationTypeTableViewController.swift in Sources */,
				DDD0F095251DAC8800652E16 /* DetailTableViewController.swift in Sources */,
				DD428C4924E0E9F30038FD69 /* LaunchViewController.swift in Sources */,
				DD428C4D24E0FDC80038FD69 /* TodoModel.swift in Sources */,
			);
			runOnlyForDeploymentPostprocessing = 0;
		};
/* End PBXSourcesBuildPhase section */

/* Begin PBXVariantGroup section */
		DD428C3A24E0E7EF0038FD69 /* Main.storyboard */ = {
			isa = PBXVariantGroup;
			children = (
				DD428C3B24E0E7EF0038FD69 /* Base */,
			);
			name = Main.storyboard;
			sourceTree = "<group>";
		};
		DD428C3F24E0E7F80038FD69 /* LaunchScreen.storyboard */ = {
			isa = PBXVariantGroup;
			children = (
				DD428C4024E0E7F80038FD69 /* Base */,
			);
			name = LaunchScreen.storyboard;
			sourceTree = "<group>";
		};
/* End PBXVariantGroup section */

/* Begin XCBuildConfiguration section */
		DD428C4324E0E7F80038FD69 /* Debug */ = {
			isa = XCBuildConfiguration;
			buildSettings = {
				ALWAYS_SEARCH_USER_PATHS = NO;
				CLANG_ANALYZER_NONNULL = YES;
				CLANG_ANALYZER_NUMBER_OBJECT_CONVERSION = YES_AGGRESSIVE;
				CLANG_CXX_LANGUAGE_STANDARD = "gnu++14";
				CLANG_CXX_LIBRARY = "libc++";
				CLANG_ENABLE_MODULES = YES;
				CLANG_ENABLE_OBJC_ARC = YES;
				CLANG_ENABLE_OBJC_WEAK = YES;
				CLANG_WARN_BLOCK_CAPTURE_AUTORELEASING = YES;
				CLANG_WARN_BOOL_CONVERSION = YES;
				CLANG_WARN_COMMA = YES;
				CLANG_WARN_CONSTANT_CONVERSION = YES;
				CLANG_WARN_DEPRECATED_OBJC_IMPLEMENTATIONS = YES;
				CLANG_WARN_DIRECT_OBJC_ISA_USAGE = YES_ERROR;
				CLANG_WARN_DOCUMENTATION_COMMENTS = YES;
				CLANG_WARN_EMPTY_BODY = YES;
				CLANG_WARN_ENUM_CONVERSION = YES;
				CLANG_WARN_INFINITE_RECURSION = YES;
				CLANG_WARN_INT_CONVERSION = YES;
				CLANG_WARN_NON_LITERAL_NULL_CONVERSION = YES;
				CLANG_WARN_OBJC_IMPLICIT_RETAIN_SELF = YES;
				CLANG_WARN_OBJC_LITERAL_CONVERSION = YES;
				CLANG_WARN_OBJC_ROOT_CLASS = YES_ERROR;
				CLANG_WARN_RANGE_LOOP_ANALYSIS = YES;
				CLANG_WARN_STRICT_PROTOTYPES = YES;
				CLANG_WARN_SUSPICIOUS_MOVE = YES;
				CLANG_WARN_UNGUARDED_AVAILABILITY = YES_AGGRESSIVE;
				CLANG_WARN_UNREACHABLE_CODE = YES;
				CLANG_WARN__DUPLICATE_METHOD_MATCH = YES;
				COPY_PHASE_STRIP = NO;
				DEBUG_INFORMATION_FORMAT = dwarf;
				ENABLE_STRICT_OBJC_MSGSEND = YES;
				ENABLE_TESTABILITY = YES;
				GCC_C_LANGUAGE_STANDARD = gnu11;
				GCC_DYNAMIC_NO_PIC = NO;
				GCC_NO_COMMON_BLOCKS = YES;
				GCC_OPTIMIZATION_LEVEL = 0;
				GCC_PREPROCESSOR_DEFINITIONS = (
					"DEBUG=1",
					"$(inherited)",
				);
				GCC_WARN_64_TO_32_BIT_CONVERSION = YES;
				GCC_WARN_ABOUT_RETURN_TYPE = YES_ERROR;
				GCC_WARN_UNDECLARED_SELECTOR = YES;
				GCC_WARN_UNINITIALIZED_AUTOS = YES_AGGRESSIVE;
				GCC_WARN_UNUSED_FUNCTION = YES;
				GCC_WARN_UNUSED_VARIABLE = YES;
				IPHONEOS_DEPLOYMENT_TARGET = 13.5;
				MTL_ENABLE_DEBUG_INFO = INCLUDE_SOURCE;
				MTL_FAST_MATH = YES;
				ONLY_ACTIVE_ARCH = YES;
				SDKROOT = iphoneos;
				SWIFT_ACTIVE_COMPILATION_CONDITIONS = DEBUG;
				SWIFT_OPTIMIZATION_LEVEL = "-Onone";
			};
			name = Debug;
		};
		DD428C4424E0E7F80038FD69 /* Release */ = {
			isa = XCBuildConfiguration;
			buildSettings = {
				ALWAYS_SEARCH_USER_PATHS = NO;
				CLANG_ANALYZER_NONNULL = YES;
				CLANG_ANALYZER_NUMBER_OBJECT_CONVERSION = YES_AGGRESSIVE;
				CLANG_CXX_LANGUAGE_STANDARD = "gnu++14";
				CLANG_CXX_LIBRARY = "libc++";
				CLANG_ENABLE_MODULES = YES;
				CLANG_ENABLE_OBJC_ARC = YES;
				CLANG_ENABLE_OBJC_WEAK = YES;
				CLANG_WARN_BLOCK_CAPTURE_AUTORELEASING = YES;
				CLANG_WARN_BOOL_CONVERSION = YES;
				CLANG_WARN_COMMA = YES;
				CLANG_WARN_CONSTANT_CONVERSION = YES;
				CLANG_WARN_DEPRECATED_OBJC_IMPLEMENTATIONS = YES;
				CLANG_WARN_DIRECT_OBJC_ISA_USAGE = YES_ERROR;
				CLANG_WARN_DOCUMENTATION_COMMENTS = YES;
				CLANG_WARN_EMPTY_BODY = YES;
				CLANG_WARN_ENUM_CONVERSION = YES;
				CLANG_WARN_INFINITE_RECURSION = YES;
				CLANG_WARN_INT_CONVERSION = YES;
				CLANG_WARN_NON_LITERAL_NULL_CONVERSION = YES;
				CLANG_WARN_OBJC_IMPLICIT_RETAIN_SELF = YES;
				CLANG_WARN_OBJC_LITERAL_CONVERSION = YES;
				CLANG_WARN_OBJC_ROOT_CLASS = YES_ERROR;
				CLANG_WARN_RANGE_LOOP_ANALYSIS = YES;
				CLANG_WARN_STRICT_PROTOTYPES = YES;
				CLANG_WARN_SUSPICIOUS_MOVE = YES;
				CLANG_WARN_UNGUARDED_AVAILABILITY = YES_AGGRESSIVE;
				CLANG_WARN_UNREACHABLE_CODE = YES;
				CLANG_WARN__DUPLICATE_METHOD_MATCH = YES;
				COPY_PHASE_STRIP = NO;
				DEBUG_INFORMATION_FORMAT = "dwarf-with-dsym";
				ENABLE_NS_ASSERTIONS = NO;
				ENABLE_STRICT_OBJC_MSGSEND = YES;
				GCC_C_LANGUAGE_STANDARD = gnu11;
				GCC_NO_COMMON_BLOCKS = YES;
				GCC_WARN_64_TO_32_BIT_CONVERSION = YES;
				GCC_WARN_ABOUT_RETURN_TYPE = YES_ERROR;
				GCC_WARN_UNDECLARED_SELECTOR = YES;
				GCC_WARN_UNINITIALIZED_AUTOS = YES_AGGRESSIVE;
				GCC_WARN_UNUSED_FUNCTION = YES;
				GCC_WARN_UNUSED_VARIABLE = YES;
				IPHONEOS_DEPLOYMENT_TARGET = 13.5;
				MTL_ENABLE_DEBUG_INFO = NO;
				MTL_FAST_MATH = YES;
				SDKROOT = iphoneos;
				SWIFT_COMPILATION_MODE = wholemodule;
				SWIFT_OPTIMIZATION_LEVEL = "-O";
				VALIDATE_PRODUCT = YES;
			};
			name = Release;
		};
		DD428C4624E0E7F80038FD69 /* Debug */ = {
			isa = XCBuildConfiguration;
			buildSettings = {
				ASSETCATALOG_COMPILER_APPICON_NAME = AppIcon;
				CODE_SIGN_ENTITLEMENTS = "To-do list/To-do list.entitlements";
				CODE_SIGN_STYLE = Automatic;
				DEVELOPMENT_TEAM = 8RN4KN4PWZ;
				INFOPLIST_FILE = "To-do list/Info.plist";
				LD_RUNPATH_SEARCH_PATHS = (
					"$(inherited)",
					"@executable_path/Frameworks",
				);
				PRODUCT_BUNDLE_IDENTIFIER = "com.remytan.To-do-list";
				PRODUCT_NAME = "$(TARGET_NAME)";
				SWIFT_VERSION = 5.0;
				TARGETED_DEVICE_FAMILY = "1,2";
			};
			name = Debug;
		};
		DD428C4724E0E7F80038FD69 /* Release */ = {
			isa = XCBuildConfiguration;
			buildSettings = {
				ASSETCATALOG_COMPILER_APPICON_NAME = AppIcon;
				CODE_SIGN_ENTITLEMENTS = "To-do list/To-do list.entitlements";
				CODE_SIGN_STYLE = Automatic;
				DEVELOPMENT_TEAM = 8RN4KN4PWZ;
				INFOPLIST_FILE = "To-do list/Info.plist";
				LD_RUNPATH_SEARCH_PATHS = (
					"$(inherited)",
					"@executable_path/Frameworks",
				);
				PRODUCT_BUNDLE_IDENTIFIER = "com.remytan.To-do-list";
				PRODUCT_NAME = "$(TARGET_NAME)";
				SWIFT_VERSION = 5.0;
				TARGETED_DEVICE_FAMILY = "1,2";
			};
			name = Release;
		};
/* End XCBuildConfiguration section */

/* Begin XCConfigurationList section */
		DD428C2C24E0E7EF0038FD69 /* Build configuration list for PBXProject "To-do list" */ = {
			isa = XCConfigurationList;
			buildConfigurations = (
				DD428C4324E0E7F80038FD69 /* Debug */,
				DD428C4424E0E7F80038FD69 /* Release */,
			);
			defaultConfigurationIsVisible = 0;
			defaultConfigurationName = Release;
		};
		DD428C4524E0E7F80038FD69 /* Build configuration list for PBXNativeTarget "To-do list" */ = {
			isa = XCConfigurationList;
			buildConfigurations = (
				DD428C4624E0E7F80038FD69 /* Debug */,
				DD428C4724E0E7F80038FD69 /* Release */,
			);
			defaultConfigurationIsVisible = 0;
			defaultConfigurationName = Release;
		};
/* End XCConfigurationList section */

/* Begin XCVersionGroup section */
		DDFDE5032534A02900A01474 /* TodoList.xcdatamodeld */ = {
			isa = XCVersionGroup;
			children = (
				DDFDE5042534A02900A01474 /* TodoList.xcdatamodel */,
			);
			currentVersion = DDFDE5042534A02900A01474 /* TodoList.xcdatamodel */;
			path = TodoList.xcdatamodeld;
			sourceTree = "<group>";
			versionGroupType = wrapper.xcdatamodel;
		};
/* End XCVersionGroup section */
	};
	rootObject = DD428C2924E0E7EF0038FD69 /* Project object */;
}
